github.com/aerogo/cluster v0.1.2 h1:ab8rh0qX3drnX+EGUolpuHMVYh2VFdhAyB4GlGVdmyA=
github.com/aerogo/cluster v0.1.2/go.mod h1:I+uCoQZ+aA5Jopn8LEjxUMouQmSYpyWD8fP16YccUDQ=
github.com/aerogo/flow v0.1.1 h1:airfjOX4OlnD3vYV4z0nLLvisMpCqDngG3L8VPpNQEM=
github.com/aerogo/flow v0.1.1/go.mod h1:keyN5DTTeIzXFwmXPlfafDkx2NL+gZKEQk1sEQYgIZU=
github.com/aerogo/packet v0.1.0 h1:1rIiXgzKLhsSy89E3D6KnTxtsm6JC195Vcyu/srwTGc=
github.com/aerogo/packet v0.1.0/go.mod h1:WfmAe/s1bxZIoIgckTFAM4mq6HErVwJoe49kWF/UKQo=
github.com/aerogo/packet v0.1.1 h1:M9zE9GXV1GaY8c7SJGP0uQ4fy54alnNCVvKCcZzjazA=
github.com/aerogo/packet v0.1.1/go.mod h1:COkamcCP22odAgoWSCXjid2t2QhLEG7ccU5DOSB03bY=
github.com/davecgh/go-spew v1.1.0 h1:ZDRjVQ15GmhC3fiQ8ni8+OwkZQO4DARzQgrnXU1Liz8=
github.com/davecgh/go-spew v1.1.0/go.mod h1:J7Y8YcW2NihsgmVo/mv3lAwl/skON4iLHjSsI+c5H38=
github.com/davecgh/go-spew v1.1.1 h1:vj9j/u1bqnvCEfJOwUhtlOARqs3+rkHYY13jYWTU97c=
github.com/davecgh/go-spew v1.1.1/go.mod h1:J7Y8YcW2NihsgmVo/mv3lAwl/skON4iLHjSsI+c5H38=
github.com/json-iterator/go v1.1.6 h1:MrUvLMLTMxbqFJ9kzlvat/rYZqZnW3u4wkLzWTaFwKs=
github.com/json-iterator/go v1.1.6/go.mod h1:+SdeFBvtyEkXs7REEP0seUULqWtbJapLOCVDaaPEHmU=
github.com/modern-go/concurrent v0.0.0-20180306012644-bacd9c7ef1dd h1:TRLaZ9cD/w8PVh93nsPXa1VrQ6jlwL5oN8l14QlcNfg=
github.com/modern-go/concurrent v0.0.0-20180306012644-bacd9c7ef1dd/go.mod h1:6dJC0mAP4ikYIbvyc7fijjWJddQyLn8Ig3JB5CqoB9Q=
github.com/modern-go/reflect2 v1.0.1 h1:9f412s+6RmYXLWZSEzVVgPGK7C2PphHj5RJrvfx9AWI=
github.com/modern-go/reflect2 v1.0.1/go.mod h1:bx2lNnkwVCuqBIxFjflWJWanXIb3RllmbCylyMrvgv0=
github.com/pmezard/go-difflib v1.0.0 h1:4DBwDE0NGyQoBHbLQYPwSUPoCMWR5BEzIk/f1lZbAQM=
github.com/pmezard/go-difflib v1.0.0/go.mod h1:iKH77koFhYxTK1pcRnkKkqfTogsbg7gZNVY4sRDYZ/4=
github.com/stretchr/objx v0.1.0/go.mod h1:HFkY916IF+rwdDfMAkV7OtwuqBVzrE8GR6GFx+wExME=
github.com/stretchr/testify v1.3.0 h1:TivCn/peBQ7UY8ooIcPgZFpTNSz0Q2U6UrFlUfqbe0Q=
github.com/stretchr/testify v1.3.0/go.mod h1:M5WIy9Dh21IEIfnGCwXGc5bZfKNJtfHm1UVUgZn+9EI=
